
Microsoft Visual Studio Solution File, Format Version 12.00
# Visual Studio Version 17
VisualStudioVersion = 17.14.37111.16 d17.14
MinimumVisualStudioVersion = 10.0.40219.1
Project("{FAE04EC0-301F-11D3-BF4B-00C04F79EFBC}") = "InsuranceClaimAPI", "InsuranceClaimAPI\InsuranceClaimAPI.csproj", "{B7245ECF-4AE4-4D4D-97AE-A349366835E6}"
EndProject
Global
	GlobalSection(SolutionConfigurationPlatforms) = preSolution
		Debug|Any CPU = Debug|Any CPU
		Release|Any CPU = Release|Any CPU
	EndGlobalSection
	GlobalSection(ProjectConfigurationPlatforms) = postSolution
		{B7245ECF-4AE4-4D4D-97AE-A349366835E6}.Debug|Any CPU.ActiveCfg = Debug|Any CPU
		{B7245ECF-4AE4-4D4D-97AE-A349366835E6}.Debug|Any CPU.Build.0 = Debug|Any CPU
		{B7245ECF-4AE4-4D4D-97AE-A349366835E6}.Release|Any CPU.ActiveCfg = Release|Any CPU
		{B7245ECF-4AE4-4D4D-97AE-A349366835E6}.Release|Any CPU.Build.0 = Release|Any CPU
	EndGlobalSection
	GlobalSection(SolutionProperties) = preSolution
		HideSolutionNode = FALSE
	EndGlobalSection
	GlobalSection(ExtensibilityGlobals) = postSolution
		SolutionGuid = {EC811093-C036-4D5D-8D70-3EB9D400CB32}
	EndGlobalSection
EndGlobal
