
Microsoft Visual Studio Solution File, Format Version 12.00
# Visual Studio Version 17
VisualStudioVersion = 17.14.37111.16 d17.14
MinimumVisualStudioVersion = 10.0.40219.1
Project("{FAE04EC0-301F-11D3-BF4B-00C04F79EFBC}") = "EmployeeManagementSystem", "EmployeeManagementSystem\EmployeeManagementSystem.csproj", "{AF7A3080-49A7-46AC-A3B9-B7BBF48BB426}"
EndProject
Global
	GlobalSection(SolutionConfigurationPlatforms) = preSolution
		Debug|Any CPU = Debug|Any CPU
		Release|Any CPU = Release|Any CPU
	EndGlobalSection
	GlobalSection(ProjectConfigurationPlatforms) = postSolution
		{AF7A3080-49A7-46AC-A3B9-B7BBF48BB426}.Debug|Any CPU.ActiveCfg = Debug|Any CPU
		{AF7A3080-49A7-46AC-A3B9-B7BBF48BB426}.Debug|Any CPU.Build.0 = Debug|Any CPU
		{AF7A3080-49A7-46AC-A3B9-B7BBF48BB426}.Release|Any CPU.ActiveCfg = Release|Any CPU
		{AF7A3080-49A7-46AC-A3B9-B7BBF48BB426}.Release|Any CPU.Build.0 = Release|Any CPU
	EndGlobalSection
	GlobalSection(SolutionProperties) = preSolution
		HideSolutionNode = FALSE
	EndGlobalSection
	GlobalSection(ExtensibilityGlobals) = postSolution
		SolutionGuid = {67CE43AE-E7A9-4E87-9B05-047A70DFA62A}
	EndGlobalSection
EndGlobal
